
Microsoft Visual Studio Solution File, Format Version 12.00
# Visual Studio Version 16
VisualStudioVersion = 16.0.34031.81
MinimumVisualStudioVersion = 10.0.40219.1
Project("{F184B08F-C81C-45F6-A57F-5ABD9991F28F}") = "Calculadora", "Calculadora.vbproj", "{B8B9AC52-71AD-473B-A30B-40E3ECF294A1}"
EndProject
Project("{F184B08F-C81C-45F6-A57F-5ABD9991F28F}") = "Menu", "..\Loopp\Menu.vbproj", "{6F9FBF36-B56C-4BC4-9DE3-DAF225EC344F}"
EndProject
Project("{F184B08F-C81C-45F6-A57F-5ABD9991F28F}") = "Interacao_Arquivos", "..\Interacao_Arquivos\Interacao_Arquivos.vbproj", "{7BC98D03-270E-4569-AF2E-6B3670CC2EC3}"
EndProject
Project("{F184B08F-C81C-45F6-A57F-5ABD9991F28F}") = "Interacao_Email", "..\Interacao_Email\Interacao_Email.vbproj", "{019547B8-60B8-4181-AC72-4F4EEA06296A}"
EndProject
Project("{F184B08F-C81C-45F6-A57F-5ABD9991F28F}") = "API_JSON", "..\API_JSON\API_JSON.vbproj", "{9B4CF3B1-AF61-4006-8EBB-9018A4C5E6C9}"
EndProject
Global
	GlobalSection(SolutionConfigurationPlatforms) = preSolution
		Debug|Any CPU = Debug|Any CPU
		Debug|x64 = Debug|x64
		Debug|x86 = Debug|x86
		Release|Any CPU = Release|Any CPU
		Release|x64 = Release|x64
		Release|x86 = Release|x86
	EndGlobalSection
	GlobalSection(ProjectConfigurationPlatforms) = postSolution
		{B8B9AC52-71AD-473B-A30B-40E3ECF294A1}.Debug|Any CPU.ActiveCfg = Debug|Any CPU
		{B8B9AC52-71AD-473B-A30B-40E3ECF294A1}.Debug|Any CPU.Build.0 = Debug|Any CPU
		{B8B9AC52-71AD-473B-A30B-40E3ECF294A1}.Debug|x64.ActiveCfg = Debug|Any CPU
		{B8B9AC52-71AD-473B-A30B-40E3ECF294A1}.Debug|x64.Build.0 = Debug|Any CPU
		{B8B9AC52-71AD-473B-A30B-40E3ECF294A1}.Debug|x86.ActiveCfg = Debug|Any CPU
		{B8B9AC52-71AD-473B-A30B-40E3ECF294A1}.Debug|x86.Build.0 = Debug|Any CPU
		{B8B9AC52-71AD-473B-A30B-40E3ECF294A1}.Release|Any CPU.ActiveCfg = Release|Any CPU
		{B8B9AC52-71AD-473B-A30B-40E3ECF294A1}.Release|Any CPU.Build.0 = Release|Any CPU
		{B8B9AC52-71AD-473B-A30B-40E3ECF294A1}.Release|x64.ActiveCfg = Release|Any CPU
		{B8B9AC52-71AD-473B-A30B-40E3ECF294A1}.Release|x64.Build.0 = Release|Any CPU
		{B8B9AC52-71AD-473B-A30B-40E3ECF294A1}.Release|x86.ActiveCfg = Release|Any CPU
		{B8B9AC52-71AD-473B-A30B-40E3ECF294A1}.Release|x86.Build.0 = Release|Any CPU
		{6F9FBF36-B56C-4BC4-9DE3-DAF225EC344F}.Debug|Any CPU.ActiveCfg = Debug|Any CPU
		{6F9FBF36-B56C-4BC4-9DE3-DAF225EC344F}.Debug|Any CPU.Build.0 = Debug|Any CPU
		{6F9FBF36-B56C-4BC4-9DE3-DAF225EC344F}.Debug|x64.ActiveCfg = Debug|Any CPU
		{6F9FBF36-B56C-4BC4-9DE3-DAF225EC344F}.Debug|x64.Build.0 = Debug|Any CPU
		{6F9FBF36-B56C-4BC4-9DE3-DAF225EC344F}.Debug|x86.ActiveCfg = Debug|Any CPU
		{6F9FBF36-B56C-4BC4-9DE3-DAF225EC344F}.Debug|x86.Build.0 = Debug|Any CPU
		{6F9FBF36-B56C-4BC4-9DE3-DAF225EC344F}.Release|Any CPU.ActiveCfg = Release|Any CPU
		{6F9FBF36-B56C-4BC4-9DE3-DAF225EC344F}.Release|Any CPU.Build.0 = Release|Any CPU
		{6F9FBF36-B56C-4BC4-9DE3-DAF225EC344F}.Release|x64.ActiveCfg = Release|Any CPU
		{6F9FBF36-B56C-4BC4-9DE3-DAF225EC344F}.Release|x64.Build.0 = Release|Any CPU
		{6F9FBF36-B56C-4BC4-9DE3-DAF225EC344F}.Release|x86.ActiveCfg = Release|Any CPU
		{6F9FBF36-B56C-4BC4-9DE3-DAF225EC344F}.Release|x86.Build.0 = Release|Any CPU
		{7BC98D03-270E-4569-AF2E-6B3670CC2EC3}.Debug|Any CPU.ActiveCfg = Debug|Any CPU
		{7BC98D03-270E-4569-AF2E-6B3670CC2EC3}.Debug|Any CPU.Build.0 = Debug|Any CPU
		{7BC98D03-270E-4569-AF2E-6B3670CC2EC3}.Debug|x64.ActiveCfg = Debug|Any CPU
		{7BC98D03-270E-4569-AF2E-6B3670CC2EC3}.Debug|x64.Build.0 = Debug|Any CPU
		{7BC98D03-270E-4569-AF2E-6B3670CC2EC3}.Debug|x86.ActiveCfg = Debug|Any CPU
		{7BC98D03-270E-4569-AF2E-6B3670CC2EC3}.Debug|x86.Build.0 = Debug|Any CPU
		{7BC98D03-270E-4569-AF2E-6B3670CC2EC3}.Release|Any CPU.ActiveCfg = Release|Any CPU
		{7BC98D03-270E-4569-AF2E-6B3670CC2EC3}.Release|Any CPU.Build.0 = Release|Any CPU
		{7BC98D03-270E-4569-AF2E-6B3670CC2EC3}.Release|x64.ActiveCfg = Release|Any CPU
		{7BC98D03-270E-4569-AF2E-6B3670CC2EC3}.Release|x64.Build.0 = Release|Any CPU
		{7BC98D03-270E-4569-AF2E-6B3670CC2EC3}.Release|x86.ActiveCfg = Release|Any CPU
		{7BC98D03-270E-4569-AF2E-6B3670CC2EC3}.Release|x86.Build.0 = Release|Any CPU
		{019547B8-60B8-4181-AC72-4F4EEA06296A}.Debug|Any CPU.ActiveCfg = Debug|Any CPU
		{019547B8-60B8-4181-AC72-4F4EEA06296A}.Debug|Any CPU.Build.0 = Debug|Any CPU
		{019547B8-60B8-4181-AC72-4F4EEA06296A}.Debug|x64.ActiveCfg = Debug|Any CPU
		{019547B8-60B8-4181-AC72-4F4EEA06296A}.Debug|x64.Build.0 = Debug|Any CPU
		{019547B8-60B8-4181-AC72-4F4EEA06296A}.Debug|x86.ActiveCfg = Debug|Any CPU
		{019547B8-60B8-4181-AC72-4F4EEA06296A}.Debug|x86.Build.0 = Debug|Any CPU
		{019547B8-60B8-4181-AC72-4F4EEA06296A}.Release|Any CPU.ActiveCfg = Release|Any CPU
		{019547B8-60B8-4181-AC72-4F4EEA06296A}.Release|Any CPU.Build.0 = Release|Any CPU
		{019547B8-60B8-4181-AC72-4F4EEA06296A}.Release|x64.ActiveCfg = Release|Any CPU
		{019547B8-60B8-4181-AC72-4F4EEA06296A}.Release|x64.Build.0 = Release|Any CPU
		{019547B8-60B8-4181-AC72-4F4EEA06296A}.Release|x86.ActiveCfg = Release|Any CPU
		{019547B8-60B8-4181-AC72-4F4EEA06296A}.Release|x86.Build.0 = Release|Any CPU
		{9B4CF3B1-AF61-4006-8EBB-9018A4C5E6C9}.Debug|Any CPU.ActiveCfg = Debug|Any CPU
		{9B4CF3B1-AF61-4006-8EBB-9018A4C5E6C9}.Debug|Any CPU.Build.0 = Debug|Any CPU
		{9B4CF3B1-AF61-4006-8EBB-9018A4C5E6C9}.Debug|x64.ActiveCfg = Debug|Any CPU
		{9B4CF3B1-AF61-4006-8EBB-9018A4C5E6C9}.Debug|x64.Build.0 = Debug|Any CPU
		{9B4CF3B1-AF61-4006-8EBB-9018A4C5E6C9}.Debug|x86.ActiveCfg = Debug|Any CPU
		{9B4CF3B1-AF61-4006-8EBB-9018A4C5E6C9}.Debug|x86.Build.0 = Debug|Any CPU
		{9B4CF3B1-AF61-4006-8EBB-9018A4C5E6C9}.Release|Any CPU.ActiveCfg = Release|Any CPU
		{9B4CF3B1-AF61-4006-8EBB-9018A4C5E6C9}.Release|Any CPU.Build.0 = Release|Any CPU
		{9B4CF3B1-AF61-4006-8EBB-9018A4C5E6C9}.Release|x64.ActiveCfg = Release|Any CPU
		{9B4CF3B1-AF61-4006-8EBB-9018A4C5E6C9}.Release|x64.Build.0 = Release|Any CPU
		{9B4CF3B1-AF61-4006-8EBB-9018A4C5E6C9}.Release|x86.ActiveCfg = Release|Any CPU
		{9B4CF3B1-AF61-4006-8EBB-9018A4C5E6C9}.Release|x86.Build.0 = Release|Any CPU
	EndGlobalSection
	GlobalSection(SolutionProperties) = preSolution
		HideSolutionNode = FALSE
	EndGlobalSection
	GlobalSection(ExtensibilityGlobals) = postSolution
		SolutionGuid = {1343D8CD-4D81-4F30-A2B6-A7A24FFE2DC5}
	EndGlobalSection
EndGlobal
